<?xml version="1.0" encoding="utf-8"?>
<Project ToolsVersion="4.0" xmlns="http://schemas.microsoft.com/developer/msbuild/2003">
  <ItemGroup>
    <Filter Include="Fichiers sources">
      <UniqueIdentifier>{4FC737F1-C7A5-4376-A066-2A32D752A2FF}</UniqueIdentifier>
      <Extensions>cpp;c;cc;cxx;c++;cppm;ixx;def;odl;idl;hpj;bat;asm;asmx</Extensions>
    </Filter>
    <Filter Include="Fichiers d%27en-tête">
      <UniqueIdentifier>{93995380-89BD-4b04-88EB-625FBE52EBFB}</UniqueIdentifier>
      <Extensions>h;hh;hpp;hxx;h++;hm;inl;inc;ipp;xsd</Extensions>
    </Filter>
    <Filter Include="Fichiers de ressources">
      <UniqueIdentifier>{67DA6AB6-F800-4c08-8B7A-83BB121AAD01}</UniqueIdentifier>
      <Extensions>rc;ico;cur;bmp;dlg;rc2;rct;bin;rgs;gif;jpg;jpeg;jpe;resx;tiff;tif;png;wav;mfcribbon-ms</Extensions>
    </Filter>
  </ItemGroup>
  <ItemGroup>
    <ResourceCompile Include="Optimisation_Combinatoire_Genetique.rc">
      <Filter>Fichiers de ressources</Filter>
    </ResourceCompile>
  </ItemGroup>
  <ItemGroup>
    <Text Include="data\51\51_data.txt" />
    <Text Include="data\51\51_sol.txt" />
    <Text Include="data\100\100_data.txt" />
    <Text Include="data\100\100_sol.txt" />
    <Text Include="data\127\127_data.txt" />
    <Text Include="data\127\127_sol.txt" />
    <Text Include="data\225\225_data.txt" />
    <Text Include="data\225\225_sol.txt" />
  </ItemGroup>
  <ItemGroup>
    <ClInclude Include="core\Individual.h">
      <Filter>Fichiers d%27en-tête</Filter>
    </ClInclude>
    <ClInclude Include="core\Node.h">
      <Filter>Fichiers d%27en-tête</Filter>
    </ClInclude>
    <ClInclude Include="cost\Cost.h">
      <Filter>Fichiers d%27en-tête</Filter>
    </ClInclude>
    <ClInclude Include="evolution\EvolveSpecie.h">
      <Filter>Fichiers d%27en-tête</Filter>
    </ClInclude>
    <ClInclude Include="generation\PopulationInit.h">
      <Filter>Fichiers d%27en-tête</Filter>
    </ClInclude>
    <ClInclude Include="genetic\Crossover.h">
      <Filter>Fichiers d%27en-tête</Filter>
    </ClInclude>
    <ClInclude Include="genetic\Mutation.h">
      <Filter>Fichiers d%27en-tête</Filter>
    </ClInclude>
    <ClInclude Include="genetic\Selection.h">
      <Filter>Fichiers d%27en-tête</Filter>
    </ClInclude>
    <ClInclude Include="utils\Distance.h">
      <Filter>Fichiers d%27en-tête</Filter>
    </ClInclude>
    <ClInclude Include="utils\Random.h">
      <Filter>Fichiers d%27en-tête</Filter>
    </ClInclude>
    <ClInclude Include="utils\hierarchy_and_print_utils.h">
      <Filter>Fichiers d%27en-tête</Filter>
    </ClInclude>
    <ClInclude Include="local_search\TwoOpt.h">
      <Filter>Fichiers d%27en-tête</Filter>
    </ClInclude>
    <ClInclude Include="local_search\MaskLocalSearch.h">
      <Filter>Fichiers d%27en-tête</Filter>
    </ClInclude>
    <ClInclude Include="utils\FileIO.h">
      <Filter>Fichiers d%27en-tête</Filter>
    </ClInclude>
    <ClInclude Include="utils\main_helpers.h">
      <Filter>Fichiers d%27en-tête</Filter>
    </ClInclude>
    <ClInclude Include="utils\ThreadPool.h">
      <Filter>Fichiers d%27en-tête</Filter>
    </ClInclude>
    <ClInclude Include="utils\Visualize.h">
      <Filter>Fichiers d%27en-tête</Filter>
    </ClInclude>
  </ItemGroup>
  <ItemGroup>
    <ClCompile Include="core\Individual.c">
      <Filter>Fichiers sources</Filter>
    </ClCompile>
    <ClCompile Include="cost\Cost.c">
      <Filter>Fichiers sources</Filter>
    </ClCompile>
    <ClCompile Include="evolution\EvolveSpecie.c">
      <Filter>Fichiers sources</Filter>
    </ClCompile>
    <ClCompile Include="generation\PopulationInit.c">
      <Filter>Fichiers sources</Filter>
    </ClCompile>
    <ClCompile Include="genetic\Crossover.c">
      <Filter>Fichiers sources</Filter>
    </ClCompile>
    <ClCompile Include="genetic\Mutation.c">
      <Filter>Fichiers sources</Filter>
    </ClCompile>
    <ClCompile Include="genetic\Selection.c">
      <Filter>Fichiers sources</Filter>
    </ClCompile>
    <ClCompile Include="local_search\TwoOpt.c">
      <Filter>Fichiers sources</Filter>
    </ClCompile>
    <ClCompile Include="main.c">
      <Filter>Fichiers sources</Filter>
    </ClCompile>
    <ClCompile Include="utils\Distance.c">
      <Filter>Fichiers sources</Filter>
    </ClCompile>
    <ClCompile Include="utils\FileIO.c">
      <Filter>Fichiers sources</Filter>
    </ClCompile>
    <ClCompile Include="utils\Random.c">
      <Filter>Fichiers sources</Filter>
    </ClCompile>
    <ClCompile Include="utils\hierarchy_and_print_utils.c">
      <Filter>Fichiers sources</Filter>
    </ClCompile>
    <ClCompile Include="utils\main_helpers.c">
      <Filter>Fichiers sources</Filter>
    </ClCompile>
    <ClCompile Include="utils\ThreadPool.c">
      <Filter>Fichiers sources</Filter>
    </ClCompile>
    <ClCompile Include="utils\Visualize.c">
      <Filter>Fichiers sources</Filter>
    </ClCompile>
  </ItemGroup>
  <ItemGroup>
    <None Include="README.md" />
    <None Include="cost\Cost_explanation.md" />
    <None Include="LICENSE" />
  </ItemGroup>
</Project>